// !$*UTF8*$!
{
	archiveVersion = 1;
	classes = {
	};
	objectVersion = 46;
	objects = {

/* Begin PBXBuildFile section */
		01BCD3F21CEC42350036B3D7 /* XCallbackURL-iOS.h in Headers */ = {isa = PBXBuildFile; fileRef = 01BCD3F11CEC42350036B3D7 /* XCallbackURL-iOS.h */; settings = {ATTRIBUTES = (Public, ); }; };
		01BCD3FE1CEC42350036B3D7 /* XCallbackURLTests.swift in Sources */ = {isa = PBXBuildFile; fileRef = 01BCD3FD1CEC42350036B3D7 /* XCallbackURLTests.swift */; };
		01BCD4091CEC425D0036B3D7 /* XCallbackURL.swift in Sources */ = {isa = PBXBuildFile; fileRef = 01BCD4081CEC425D0036B3D7 /* XCallbackURL.swift */; };
		01BCD40B1CEC42970036B3D7 /* NSURL+queryDictionary.swift in Sources */ = {isa = PBXBuildFile; fileRef = 01BCD40A1CEC42970036B3D7 /* NSURL+queryDictionary.swift */; };
		01BCD40F1CEC43050036B3D7 /* Cartfile in Resources */ = {isa = PBXBuildFile; fileRef = 01BCD40E1CEC43050036B3D7 /* Cartfile */; };
		01BCD4111CEC43650036B3D7 /* PathToRegex.framework in Frameworks */ = {isa = PBXBuildFile; fileRef = 01BCD4101CEC43650036B3D7 /* PathToRegex.framework */; };
		01BCD4181CEC45310036B3D7 /* Cartfile.private in Resources */ = {isa = PBXBuildFile; fileRef = 01BCD4171CEC45310036B3D7 /* Cartfile.private */; };
		01BCD41C1CEC482A0036B3D7 /* Nimble.framework in Copy Files */ = {isa = PBXBuildFile; fileRef = 01BCD4191CEC45590036B3D7 /* Nimble.framework */; settings = {ATTRIBUTES = (RemoveHeadersOnCopy, ); }; };
		01BCD41D1CEC482A0036B3D7 /* Quick.framework in Copy Files */ = {isa = PBXBuildFile; fileRef = 01BCD4151CEC446D0036B3D7 /* Quick.framework */; settings = {ATTRIBUTES = (RemoveHeadersOnCopy, ); }; };
		01BCD42B1CEC55360036B3D7 /* XCallbackURL.framework in Copy Files */ = {isa = PBXBuildFile; fileRef = 01BCD3EE1CEC42340036B3D7 /* XCallbackURL.framework */; settings = {ATTRIBUTES = (CodeSignOnCopy, RemoveHeadersOnCopy, ); }; };
		01BCD42C1CEC554C0036B3D7 /* XCallbackURL.framework in Frameworks */ = {isa = PBXBuildFile; fileRef = 01BCD3EE1CEC42340036B3D7 /* XCallbackURL.framework */; };
		01BCD42E1CEC55BA0036B3D7 /* Regex.framework in Frameworks */ = {isa = PBXBuildFile; fileRef = 01BCD42D1CEC55BA0036B3D7 /* Regex.framework */; };
		01BCD4331CEC6D770036B3D7 /* PathToRegex.framework in Copy Files */ = {isa = PBXBuildFile; fileRef = 01BCD4101CEC43650036B3D7 /* PathToRegex.framework */; settings = {ATTRIBUTES = (CodeSignOnCopy, RemoveHeadersOnCopy, ); }; };
		01BCD4341CEC6D880036B3D7 /* Regex.framework in Copy Files */ = {isa = PBXBuildFile; fileRef = 01BCD42D1CEC55BA0036B3D7 /* Regex.framework */; settings = {ATTRIBUTES = (CodeSignOnCopy, RemoveHeadersOnCopy, ); }; };
/* End PBXBuildFile section */

/* Begin PBXContainerItemProxy section */
		01BCD3FA1CEC42350036B3D7 /* PBXContainerItemProxy */ = {
			isa = PBXContainerItemProxy;
			containerPortal = 01BCD3E51CEC42340036B3D7 /* Project object */;
			proxyType = 1;
			remoteGlobalIDString = 01BCD3ED1CEC42340036B3D7;
			remoteInfo = XCallbackURL;
		};
/* End PBXContainerItemProxy section */

/* Begin PBXCopyFilesBuildPhase section */
		01BCD41B1CEC481C0036B3D7 /* Copy Files */ = {
			isa = PBXCopyFilesBuildPhase;
			buildActionMask = 2147483647;
			dstPath = "";
			dstSubfolderSpec = 10;
			files = (
				01BCD4341CEC6D880036B3D7 /* Regex.framework in Copy Files */,
				01BCD4331CEC6D770036B3D7 /* PathToRegex.framework in Copy Files */,
				01BCD42B1CEC55360036B3D7 /* XCallbackURL.framework in Copy Files */,
				01BCD41C1CEC482A0036B3D7 /* Nimble.framework in Copy Files */,
				01BCD41D1CEC482A0036B3D7 /* Quick.framework in Copy Files */,
			);
			name = "Copy Files";
			runOnlyForDeploymentPostprocessing = 0;
		};
/* End PBXCopyFilesBuildPhase section */

/* Begin PBXFileReference section */
		0141BA681CECD429001C913D /* README.md */ = {isa = PBXFileReference; fileEncoding = 4; lastKnownFileType = net.daringfireball.markdown; path = README.md; sourceTree = "<group>"; };
		0141BA8D1CECDEEE001C913D /* PathToRegex.framework */ = {isa = PBXFileReference; lastKnownFileType = wrapper.framework; name = PathToRegex.framework; path = Carthage/Build/Mac/PathToRegex.framework; sourceTree = "<group>"; };
		0141BA8E1CECDEEE001C913D /* Regex.framework */ = {isa = PBXFileReference; lastKnownFileType = wrapper.framework; name = Regex.framework; path = Carthage/Build/Mac/Regex.framework; sourceTree = "<group>"; };
		01BCD3EE1CEC42340036B3D7 /* XCallbackURL.framework */ = {isa = PBXFileReference; explicitFileType = wrapper.framework; includeInIndex = 0; path = XCallbackURL.framework; sourceTree = BUILT_PRODUCTS_DIR; };
		01BCD3F11CEC42350036B3D7 /* XCallbackURL-iOS.h */ = {isa = PBXFileReference; lastKnownFileType = sourcecode.c.h; path = "XCallbackURL-iOS.h"; sourceTree = "<group>"; };
		01BCD3F31CEC42350036B3D7 /* Info.plist */ = {isa = PBXFileReference; lastKnownFileType = text.plist.xml; path = Info.plist; sourceTree = "<group>"; };
		01BCD3F81CEC42350036B3D7 /* XCallbackURLTests.xctest */ = {isa = PBXFileReference; explicitFileType = wrapper.cfbundle; includeInIndex = 0; path = XCallbackURLTests.xctest; sourceTree = BUILT_PRODUCTS_DIR; };
		01BCD3FD1CEC42350036B3D7 /* XCallbackURLTests.swift */ = {isa = PBXFileReference; lastKnownFileType = sourcecode.swift; path = XCallbackURLTests.swift; sourceTree = "<group>"; };
		01BCD3FF1CEC42350036B3D7 /* Info.plist */ = {isa = PBXFileReference; lastKnownFileType = text.plist.xml; path = Info.plist; sourceTree = "<group>"; };
		01BCD4081CEC425D0036B3D7 /* XCallbackURL.swift */ = {isa = PBXFileReference; fileEncoding = 4; lastKnownFileType = sourcecode.swift; path = XCallbackURL.swift; sourceTree = "<group>"; };
		01BCD40A1CEC42970036B3D7 /* NSURL+queryDictionary.swift */ = {isa = PBXFileReference; fileEncoding = 4; lastKnownFileType = sourcecode.swift; path = "NSURL+queryDictionary.swift"; sourceTree = "<group>"; };
		01BCD40E1CEC43050036B3D7 /* Cartfile */ = {isa = PBXFileReference; fileEncoding = 4; lastKnownFileType = text; path = Cartfile; sourceTree = "<group>"; };
		01BCD4101CEC43650036B3D7 /* PathToRegex.framework */ = {isa = PBXFileReference; lastKnownFileType = wrapper.framework; name = PathToRegex.framework; path = Carthage/Build/iOS/PathToRegex.framework; sourceTree = "<group>"; };
		01BCD4151CEC446D0036B3D7 /* Quick.framework */ = {isa = PBXFileReference; lastKnownFileType = wrapper.framework; name = Quick.framework; path = Carthage/Build/iOS/Quick.framework; sourceTree = "<group>"; };
		01BCD4171CEC45310036B3D7 /* Cartfile.private */ = {isa = PBXFileReference; fileEncoding = 4; lastKnownFileType = text; path = Cartfile.private; sourceTree = "<group>"; };
		01BCD4191CEC45590036B3D7 /* Nimble.framework */ = {isa = PBXFileReference; lastKnownFileType = wrapper.framework; name = Nimble.framework; path = Carthage/Build/iOS/Nimble.framework; sourceTree = "<group>"; };
		01BCD42D1CEC55BA0036B3D7 /* Regex.framework */ = {isa = PBXFileReference; lastKnownFileType = wrapper.framework; name = Regex.framework; path = Carthage/Build/iOS/Regex.framework; sourceTree = "<group>"; };
/* End PBXFileReference section */

/* Begin PBXFrameworksBuildPhase section */
		01BCD3EA1CEC42340036B3D7 /* Frameworks */ = {
			isa = PBXFrameworksBuildPhase;
			buildActionMask = 2147483647;
			files = (
				01BCD42E1CEC55BA0036B3D7 /* Regex.framework in Frameworks */,
				01BCD4111CEC43650036B3D7 /* PathToRegex.framework in Frameworks */,
			);
			runOnlyForDeploymentPostprocessing = 0;
		};
		01BCD3F51CEC42350036B3D7 /* Frameworks */ = {
			isa = PBXFrameworksBuildPhase;
			buildActionMask = 2147483647;
			files = (
				01BCD42C1CEC554C0036B3D7 /* XCallbackURL.framework in Frameworks */,
			);
			runOnlyForDeploymentPostprocessing = 0;
		};
/* End PBXFrameworksBuildPhase section */

/* Begin PBXGroup section */
		01BCD3E41CEC42340036B3D7 = {
			isa = PBXGroup;
			children = (
				0141BA681CECD429001C913D /* README.md */,
				01BCD40E1CEC43050036B3D7 /* Cartfile */,
				01BCD4171CEC45310036B3D7 /* Cartfile.private */,
				01BCD3F01CEC42350036B3D7 /* XCallbackURL */,
				01BCD3FC1CEC42350036B3D7 /* XCallbackURLTests */,
				01BCD4121CEC43850036B3D7 /* Frameworks */,
				01BCD3EF1CEC42340036B3D7 /* Products */,
			);
			sourceTree = "<group>";
		};
		01BCD3EF1CEC42340036B3D7 /* Products */ = {
			isa = PBXGroup;
			children = (
				01BCD3EE1CEC42340036B3D7 /* XCallbackURL.framework */,
				01BCD3F81CEC42350036B3D7 /* XCallbackURLTests.xctest */,
			);
			name = Products;
			sourceTree = "<group>";
		};
		01BCD3F01CEC42350036B3D7 /* XCallbackURL */ = {
			isa = PBXGroup;
			children = (
				01BCD3F31CEC42350036B3D7 /* Info.plist */,
				01BCD3F11CEC42350036B3D7 /* XCallbackURL-iOS.h */,
				01BCD4081CEC425D0036B3D7 /* XCallbackURL.swift */,
				01BCD40A1CEC42970036B3D7 /* NSURL+queryDictionary.swift */,
			);
			path = XCallbackURL;
			sourceTree = "<group>";
		};
		01BCD3FC1CEC42350036B3D7 /* XCallbackURLTests */ = {
			isa = PBXGroup;
			children = (
				01BCD3FD1CEC42350036B3D7 /* XCallbackURLTests.swift */,
				01BCD3FF1CEC42350036B3D7 /* Info.plist */,
			);
			path = XCallbackURLTests;
			sourceTree = "<group>";
		};
		01BCD4121CEC43850036B3D7 /* Frameworks */ = {
			isa = PBXGroup;
			children = (
				0141BA8D1CECDEEE001C913D /* PathToRegex.framework */,
				0141BA8E1CECDEEE001C913D /* Regex.framework */,
				01BCD42D1CEC55BA0036B3D7 /* Regex.framework */,
				01BCD4191CEC45590036B3D7 /* Nimble.framework */,
				01BCD4151CEC446D0036B3D7 /* Quick.framework */,
				01BCD4101CEC43650036B3D7 /* PathToRegex.framework */,
			);
			name = Frameworks;
			sourceTree = "<group>";
		};
/* End PBXGroup section */

/* Begin PBXHeadersBuildPhase section */
		01BCD3EB1CEC42340036B3D7 /* Headers */ = {
			isa = PBXHeadersBuildPhase;
			buildActionMask = 2147483647;
			files = (
				01BCD3F21CEC42350036B3D7 /* XCallbackURL-iOS.h in Headers */,
			);
			runOnlyForDeploymentPostprocessing = 0;
		};
/* End PBXHeadersBuildPhase section */

/* Begin PBXNativeTarget section */
		01BCD3ED1CEC42340036B3D7 /* XCallbackURL-iOS */ = {
			isa = PBXNativeTarget;
			buildConfigurationList = 01BCD4021CEC42350036B3D7 /* Build configuration list for PBXNativeTarget "XCallbackURL-iOS" */;
			buildPhases = (
				01BCD3E91CEC42340036B3D7 /* Sources */,
				01BCD3EA1CEC42340036B3D7 /* Frameworks */,
				01BCD3EB1CEC42340036B3D7 /* Headers */,
				01BCD3EC1CEC42340036B3D7 /* Resources */,
				01E381B11CEE233C00795017 /* ShellScript */,
			);
			buildRules = (
			);
			dependencies = (
			);
			name = "XCallbackURL-iOS";
			productName = XCallbackURL;
			productReference = 01BCD3EE1CEC42340036B3D7 /* XCallbackURL.framework */;
			productType = "com.apple.product-type.framework";
		};
		01BCD3F71CEC42350036B3D7 /* XCallbackURLTests */ = {
			isa = PBXNativeTarget;
			buildConfigurationList = 01BCD4051CEC42350036B3D7 /* Build configuration list for PBXNativeTarget "XCallbackURLTests" */;
			buildPhases = (
				01BCD3F41CEC42350036B3D7 /* Sources */,
				01BCD3F51CEC42350036B3D7 /* Frameworks */,
				01BCD3F61CEC42350036B3D7 /* Resources */,
				01BCD41B1CEC481C0036B3D7 /* Copy Files */,
			);
			buildRules = (
			);
			dependencies = (
				01BCD3FB1CEC42350036B3D7 /* PBXTargetDependency */,
			);
			name = XCallbackURLTests;
			productName = XCallbackURLTests;
			productReference = 01BCD3F81CEC42350036B3D7 /* XCallbackURLTests.xctest */;
			productType = "com.apple.product-type.bundle.unit-test";
		};
/* End PBXNativeTarget section */

/* Begin PBXProject section */
		01BCD3E51CEC42340036B3D7 /* Project object */ = {
			isa = PBXProject;
			attributes = {
				LastSwiftUpdateCheck = 0730;
				LastUpgradeCheck = 0730;
				ORGANIZATIONNAME = c4605;
				TargetAttributes = {
					01BCD3ED1CEC42340036B3D7 = {
						CreatedOnToolsVersion = 7.3;
					};
					01BCD3F71CEC42350036B3D7 = {
						CreatedOnToolsVersion = 7.3;
						DevelopmentTeam = MGNSK9Y7PG;
					};
				};
			};
			buildConfigurationList = 01BCD3E81CEC42340036B3D7 /* Build configuration list for PBXProject "XCallbackURL.swift" */;
			compatibilityVersion = "Xcode 3.2";
			developmentRegion = English;
			hasScannedForEncodings = 0;
			knownRegions = (
				en,
			);
			mainGroup = 01BCD3E41CEC42340036B3D7;
			productRefGroup = 01BCD3EF1CEC42340036B3D7 /* Products */;
			projectDirPath = "";
			projectRoot = "";
			targets = (
				01BCD3ED1CEC42340036B3D7 /* XCallbackURL-iOS */,
				01BCD3F71CEC42350036B3D7 /* XCallbackURLTests */,
			);
		};
/* End PBXProject section */

/* Begin PBXResourcesBuildPhase section */
		01BCD3EC1CEC42340036B3D7 /* Resources */ = {
			isa = PBXResourcesBuildPhase;
			buildActionMask = 2147483647;
			files = (
				01BCD40F1CEC43050036B3D7 /* Cartfile in Resources */,
				01BCD4181CEC45310036B3D7 /* Cartfile.private in Resources */,
			);
			runOnlyForDeploymentPostprocessing = 0;
		};
		01BCD3F61CEC42350036B3D7 /* Resources */ = {
			isa = PBXResourcesBuildPhase;
			buildActionMask = 2147483647;
			files = (
			);
			runOnlyForDeploymentPostprocessing = 0;
		};
/* End PBXResourcesBuildPhase section */

/* Begin PBXShellScriptBuildPhase section */
		01E381B11CEE233C00795017 /* ShellScript */ = {
			isa = PBXShellScriptBuildPhase;
			buildActionMask = 2147483647;
			files = (
			);
			inputPaths = (
				"$(SRCROOT)/Carthage/Build/iOS/Regex.framework",
				"$(SRCROOT)/Carthage/Build/iOS/PathToRegex.framework",
			);
			outputPaths = (
			);
			runOnlyForDeploymentPostprocessing = 0;
			shellPath = /bin/sh;
			shellScript = "/usr/local/bin/carthage copy-frameworks";
		};
/* End PBXShellScriptBuildPhase section */

/* Begin PBXSourcesBuildPhase section */
		01BCD3E91CEC42340036B3D7 /* Sources */ = {
			isa = PBXSourcesBuildPhase;
			buildActionMask = 2147483647;
			files = (
				01BCD4091CEC425D0036B3D7 /* XCallbackURL.swift in Sources */,
				01BCD40B1CEC42970036B3D7 /* NSURL+queryDictionary.swift in Sources */,
			);
			runOnlyForDeploymentPostprocessing = 0;
		};
		01BCD3F41CEC42350036B3D7 /* Sources */ = {
			isa = PBXSourcesBuildPhase;
			buildActionMask = 2147483647;
			files = (
				01BCD3FE1CEC42350036B3D7 /* XCallbackURLTests.swift in Sources */,
			);
			runOnlyForDeploymentPostprocessing = 0;
		};
/* End PBXSourcesBuildPhase section */

/* Begin PBXTargetDependency section */
		01BCD3FB1CEC42350036B3D7 /* PBXTargetDependency */ = {
			isa = PBXTargetDependency;
			target = 01BCD3ED1CEC42340036B3D7 /* XCallbackURL-iOS */;
			targetProxy = 01BCD3FA1CEC42350036B3D7 /* PBXContainerItemProxy */;
		};
/* End PBXTargetDependency section */

/* Begin XCBuildConfiguration section */
		01BCD4001CEC42350036B3D7 /* Debug */ = {
			isa = XCBuildConfiguration;
			buildSettings = {
				ALWAYS_SEARCH_USER_PATHS = NO;
				CLANG_ANALYZER_NONNULL = YES;
				CLANG_CXX_LANGUAGE_STANDARD = "gnu++0x";
				CLANG_CXX_LIBRARY = "libc++";
				CLANG_ENABLE_MODULES = YES;
				CLANG_ENABLE_OBJC_ARC = YES;
				CLANG_WARN_BOOL_CONVERSION = YES;
				CLANG_WARN_CONSTANT_CONVERSION = YES;
				CLANG_WARN_DIRECT_OBJC_ISA_USAGE = YES_ERROR;
				CLANG_WARN_EMPTY_BODY = YES;
				CLANG_WARN_ENUM_CONVERSION = YES;
				CLANG_WARN_INT_CONVERSION = YES;
				CLANG_WARN_OBJC_ROOT_CLASS = YES_ERROR;
				CLANG_WARN_UNREACHABLE_CODE = YES;
				CLANG_WARN__DUPLICATE_METHOD_MATCH = YES;
				"CODE_SIGN_IDENTITY[sdk=iphoneos*]" = "iPhone Developer";
				COPY_PHASE_STRIP = NO;
				CURRENT_PROJECT_VERSION = 1;
				DEBUG_INFORMATION_FORMAT = dwarf;
				ENABLE_STRICT_OBJC_MSGSEND = YES;
				ENABLE_TESTABILITY = YES;
				GCC_C_LANGUAGE_STANDARD = gnu99;
				GCC_DYNAMIC_NO_PIC = NO;
				GCC_NO_COMMON_BLOCKS = YES;
				GCC_OPTIMIZATION_LEVEL = 0;
				GCC_PREPROCESSOR_DEFINITIONS = (
					"DEBUG=1",
					"$(inherited)",
				);
				GCC_WARN_64_TO_32_BIT_CONVERSION = YES;
				GCC_WARN_ABOUT_RETURN_TYPE = YES_ERROR;
				GCC_WARN_UNDECLARED_SELECTOR = YES;
				GCC_WARN_UNINITIALIZED_AUTOS = YES_AGGRESSIVE;
				GCC_WARN_UNUSED_FUNCTION = YES;
				GCC_WARN_UNUSED_VARIABLE = YES;
				IPHONEOS_DEPLOYMENT_TARGET = 9.3;
				MTL_ENABLE_DEBUG_INFO = YES;
				ONLY_ACTIVE_ARCH = YES;
				SDKROOT = iphoneos;
				SWIFT_OPTIMIZATION_LEVEL = "-Onone";
				TARGETED_DEVICE_FAMILY = "1,2";
				VERSIONING_SYSTEM = "apple-generic";
				VERSION_INFO_PREFIX = "";
			};
			name = Debug;
		};
		01BCD4011CEC42350036B3D7 /* Release */ = {
			isa = XCBuildConfiguration;
			buildSettings = {
				ALWAYS_SEARCH_USER_PATHS = NO;
				CLANG_ANALYZER_NONNULL = YES;
				CLANG_CXX_LANGUAGE_STANDARD = "gnu++0x";
				CLANG_CXX_LIBRARY = "libc++";
				CLANG_ENABLE_MODULES = YES;
				CLANG_ENABLE_OBJC_ARC = YES;
				CLANG_WARN_BOOL_CONVERSION = YES;
				CLANG_WARN_CONSTANT_CONVERSION = YES;
				CLANG_WARN_DIRECT_OBJC_ISA_USAGE = YES_ERROR;
				CLANG_WARN_EMPTY_BODY = YES;
				CLANG_WARN_ENUM_CONVERSION = YES;
				CLANG_WARN_INT_CONVERSION = YES;
				CLANG_WARN_OBJC_ROOT_CLASS = YES_ERROR;
				CLANG_WARN_UNREACHABLE_CODE = YES;
				CLANG_WARN__DUPLICATE_METHOD_MATCH = YES;
				"CODE_SIGN_IDENTITY[sdk=iphoneos*]" = "iPhone Developer";
				COPY_PHASE_STRIP = NO;
				CURRENT_PROJECT_VERSION = 1;
				DEBUG_INFORMATION_FORMAT = "dwarf-with-dsym";
				ENABLE_NS_ASSERTIONS = NO;
				ENABLE_STRICT_OBJC_MSGSEND = YES;
				GCC_C_LANGUAGE_STANDARD = gnu99;
				GCC_NO_COMMON_BLOCKS = YES;
				GCC_WARN_64_TO_32_BIT_CONVERSION = YES;
				GCC_WARN_ABOUT_RETURN_TYPE = YES_ERROR;
				GCC_WARN_UNDECLARED_SELECTOR = YES;
				GCC_WARN_UNINITIALIZED_AUTOS = YES_AGGRESSIVE;
				GCC_WARN_UNUSED_FUNCTION = YES;
				GCC_WARN_UNUSED_VARIABLE = YES;
				IPHONEOS_DEPLOYMENT_TARGET = 9.3;
				MTL_ENABLE_DEBUG_INFO = NO;
				SDKROOT = iphoneos;
				TARGETED_DEVICE_FAMILY = "1,2";
				VALIDATE_PRODUCT = YES;
				VERSIONING_SYSTEM = "apple-generic";
				VERSION_INFO_PREFIX = "";
			};
			name = Release;
		};
		01BCD4031CEC42350036B3D7 /* Debug */ = {
			isa = XCBuildConfiguration;
			buildSettings = {
				CLANG_ENABLE_MODULES = YES;
				CODE_SIGN_IDENTITY = "iPhone Developer";
				DEFINES_MODULE = YES;
				DYLIB_COMPATIBILITY_VERSION = 1;
				DYLIB_CURRENT_VERSION = 1;
				DYLIB_INSTALL_NAME_BASE = "@rpath";
				FRAMEWORK_SEARCH_PATHS = (
					"$(inherited)",
					"$(PROJECT_DIR)/Carthage/Build/iOS",
				);
				INFOPLIST_FILE = XCallbackURL/Info.plist;
				INSTALL_PATH = "$(LOCAL_LIBRARY_DIR)/Frameworks";
				IPHONEOS_DEPLOYMENT_TARGET = 9.3;
				LD_RUNPATH_SEARCH_PATHS = "$(inherited) @executable_path/Frameworks @loader_path/Frameworks";
				PRODUCT_BUNDLE_IDENTIFIER = org.c4605.XCallbackURL;
				PRODUCT_NAME = XCallbackURL;
				SKIP_INSTALL = YES;
				SWIFT_OPTIMIZATION_LEVEL = "-Onone";
			};
			name = Debug;
		};
		01BCD4041CEC42350036B3D7 /* Release */ = {
			isa = XCBuildConfiguration;
			buildSettings = {
				CLANG_ENABLE_MODULES = YES;
				CODE_SIGN_IDENTITY = "iPhone Developer";
				DEFINES_MODULE = YES;
				DYLIB_COMPATIBILITY_VERSION = 1;
				DYLIB_CURRENT_VERSION = 1;
				DYLIB_INSTALL_NAME_BASE = "@rpath";
				FRAMEWORK_SEARCH_PATHS = (
					"$(inherited)",
					"$(PROJECT_DIR)/Carthage/Build/iOS",
				);
				INFOPLIST_FILE = XCallbackURL/Info.plist;
				INSTALL_PATH = "$(LOCAL_LIBRARY_DIR)/Frameworks";
				IPHONEOS_DEPLOYMENT_TARGET = 9.3;
				LD_RUNPATH_SEARCH_PATHS = "$(inherited) @executable_path/Frameworks @loader_path/Frameworks";
				PRODUCT_BUNDLE_IDENTIFIER = org.c4605.XCallbackURL;
				PRODUCT_NAME = XCallbackURL;
				SKIP_INSTALL = YES;
			};
			name = Release;
		};
		01BCD4061CEC42350036B3D7 /* Debug */ = {
			isa = XCBuildConfiguration;
			buildSettings = {
				FRAMEWORK_SEARCH_PATHS = (
					"$(inherited)",
					"$(PROJECT_DIR)/Carthage/Build/iOS",
				);
				INFOPLIST_FILE = XCallbackURLTests/Info.plist;
				IPHONEOS_DEPLOYMENT_TARGET = 9.3;
				LD_RUNPATH_SEARCH_PATHS = "$(inherited) @executable_path/Frameworks @loader_path/Frameworks";
				PRODUCT_BUNDLE_IDENTIFIER = org.c4605.XCallbackURLTests;
				PRODUCT_NAME = "$(TARGET_NAME)";
			};
			name = Debug;
		};
		01BCD4071CEC42350036B3D7 /* Release */ = {
			isa = XCBuildConfiguration;
			buildSettings = {
				FRAMEWORK_SEARCH_PATHS = (
					"$(inherited)",
					"$(PROJECT_DIR)/Carthage/Build/iOS",
				);
				INFOPLIST_FILE = XCallbackURLTests/Info.plist;
				IPHONEOS_DEPLOYMENT_TARGET = 9.3;
				LD_RUNPATH_SEARCH_PATHS = "$(inherited) @executable_path/Frameworks @loader_path/Frameworks";
				PRODUCT_BUNDLE_IDENTIFIER = org.c4605.XCallbackURLTests;
				PRODUCT_NAME = "$(TARGET_NAME)";
			};
			name = Release;
		};
/* End XCBuildConfiguration section */

/* Begin XCConfigurationList section */
		01BCD3E81CEC42340036B3D7 /* Build configuration list for PBXProject "XCallbackURL.swift" */ = {
			isa = XCConfigurationList;
			buildConfigurations = (
				01BCD4001CEC42350036B3D7 /* Debug */,
				01BCD4011CEC42350036B3D7 /* Release */,
			);
			defaultConfigurationIsVisible = 0;
			defaultConfigurationName = Release;
		};
		01BCD4021CEC42350036B3D7 /* Build configuration list for PBXNativeTarget "XCallbackURL-iOS" */ = {
			isa = XCConfigurationList;
			buildConfigurations = (
				01BCD4031CEC42350036B3D7 /* Debug */,
				01BCD4041CEC42350036B3D7 /* Release */,
			);
			defaultConfigurationIsVisible = 0;
			defaultConfigurationName = Release;
		};
		01BCD4051CEC42350036B3D7 /* Build configuration list for PBXNativeTarget "XCallbackURLTests" */ = {
			isa = XCConfigurationList;
			buildConfigurations = (
				01BCD4061CEC42350036B3D7 /* Debug */,
				01BCD4071CEC42350036B3D7 /* Release */,
			);
			defaultConfigurationIsVisible = 0;
			defaultConfigurationName = Release;
		};
/* End XCConfigurationList section */
	};
	rootObject = 01BCD3E51CEC42340036B3D7 /* Project object */;
}
